
Microsoft Visual Studio Solution File, Format Version 12.00
# Visual Studio Version 17
VisualStudioVersion = 17.10.34607.79
MinimumVisualStudioVersion = 10.0.40219.1
Project("{FAE04EC0-301F-11D3-BF4B-00C04F79EFBC}") = "StudentManagmentSystem", "StudentManagmentSystem.csproj", "{DD5BA7D9-D970-4E8C-BA63-9E9B89DB3422}"
EndProject
Global
	GlobalSection(SolutionConfigurationPlatforms) = preSolution
		Debug|ARM = Debug|ARM
		Debug|ARM64 = Debug|ARM64
		Debug|x64 = Debug|x64
		Debug|x86 = Debug|x86
		Release|ARM = Release|ARM
		Release|ARM64 = Release|ARM64
		Release|x64 = Release|x64
		Release|x86 = Release|x86
	EndGlobalSection
	GlobalSection(ProjectConfigurationPlatforms) = postSolution
		{DD5BA7D9-D970-4E8C-BA63-9E9B89DB3422}.Debug|ARM.ActiveCfg = Debug|ARM
		{DD5BA7D9-D970-4E8C-BA63-9E9B89DB3422}.Debug|ARM.Build.0 = Debug|ARM
		{DD5BA7D9-D970-4E8C-BA63-9E9B89DB3422}.Debug|ARM.Deploy.0 = Debug|ARM
		{DD5BA7D9-D970-4E8C-BA63-9E9B89DB3422}.Debug|ARM64.ActiveCfg = Debug|ARM64
		{DD5BA7D9-D970-4E8C-BA63-9E9B89DB3422}.Debug|ARM64.Build.0 = Debug|ARM64
		{DD5BA7D9-D970-4E8C-BA63-9E9B89DB3422}.Debug|ARM64.Deploy.0 = Debug|ARM64
		{DD5BA7D9-D970-4E8C-BA63-9E9B89DB3422}.Debug|x64.ActiveCfg = Debug|x64
		{DD5BA7D9-D970-4E8C-BA63-9E9B89DB3422}.Debug|x64.Build.0 = Debug|x64
		{DD5BA7D9-D970-4E8C-BA63-9E9B89DB3422}.Debug|x64.Deploy.0 = Debug|x64
		{DD5BA7D9-D970-4E8C-BA63-9E9B89DB3422}.Debug|x86.ActiveCfg = Debug|x86
		{DD5BA7D9-D970-4E8C-BA63-9E9B89DB3422}.Debug|x86.Build.0 = Debug|x86
		{DD5BA7D9-D970-4E8C-BA63-9E9B89DB3422}.Debug|x86.Deploy.0 = Debug|x86
		{DD5BA7D9-D970-4E8C-BA63-9E9B89DB3422}.Release|ARM.ActiveCfg = Release|ARM
		{DD5BA7D9-D970-4E8C-BA63-9E9B89DB3422}.Release|ARM.Build.0 = Release|ARM
		{DD5BA7D9-D970-4E8C-BA63-9E9B89DB3422}.Release|ARM.Deploy.0 = Release|ARM
		{DD5BA7D9-D970-4E8C-BA63-9E9B89DB3422}.Release|ARM64.ActiveCfg = Release|ARM64
		{DD5BA7D9-D970-4E8C-BA63-9E9B89DB3422}.Release|ARM64.Build.0 = Release|ARM64
		{DD5BA7D9-D970-4E8C-BA63-9E9B89DB3422}.Release|ARM64.Deploy.0 = Release|ARM64
		{DD5BA7D9-D970-4E8C-BA63-9E9B89DB3422}.Release|x64.ActiveCfg = Release|x64
		{DD5BA7D9-D970-4E8C-BA63-9E9B89DB3422}.Release|x64.Build.0 = Release|x64
		{DD5BA7D9-D970-4E8C-BA63-9E9B89DB3422}.Release|x64.Deploy.0 = Release|x64
		{DD5BA7D9-D970-4E8C-BA63-9E9B89DB3422}.Release|x86.ActiveCfg = Release|x86
		{DD5BA7D9-D970-4E8C-BA63-9E9B89DB3422}.Release|x86.Build.0 = Release|x86
		{DD5BA7D9-D970-4E8C-BA63-9E9B89DB3422}.Release|x86.Deploy.0 = Release|x86
	EndGlobalSection
	GlobalSection(SolutionProperties) = preSolution
		HideSolutionNode = FALSE
	EndGlobalSection
	GlobalSection(ExtensibilityGlobals) = postSolution
		SolutionGuid = {93713DB7-253C-4423-880A-72B31409EAB8}
	EndGlobalSection
EndGlobal
